{
  "version": 4,
  "terraform_version": "1.11.4",
  "serial": 246,
  "lineage": "33dfb5cd-4060-32be-6016-3e422c5f22d5",
  "outputs": {},
  "resources": [
    {
      "mode": "managed",
      "type": "aws_vpc",
      "name": "example",
      "provider": "provider[\"registry.terraform.io/hashicorp/aws\"]",
      "instances": [
        {
          "schema_version": 1,
          "attributes": {
            "arn": "arn:aws:ec2:us-east-1:982534358571:vpc/vpc-0e13437f15b3560e1",
            "assign_generated_ipv6_cidr_block": false,
            "cidr_block": "10.0.0.0/16",
            "default_network_acl_id": "acl-08dab71c5943c0607",
            "default_route_table_id": "rtb-0d649fe623bb39dc8",
            "default_security_group_id": "sg-053ae533870f7dc7a",
            "dhcp_options_id": "dopt-040a0feeefcf6ff89",
            "enable_dns_hostnames": false,
            "enable_dns_support": true,
            "enable_network_address_usage_metrics": false,
            "id": "vpc-0e13437f15b3560e1",
            "instance_tenancy": "default",
            "ipv4_ipam_pool_id": null,
            "ipv4_netmask_length": null,
            "ipv6_association_id": "",
            "ipv6_cidr_block": "",
            "ipv6_cidr_block_network_border_group": "",
            "ipv6_ipam_pool_id": "",
            "ipv6_netmask_length": 0,
            "main_route_table_id": "rtb-0d649fe623bb39dc8",
            "owner_id": "982534358571",
            "tags": null,
            "tags_all": {}
          },
          "sensitive_attributes": [],
          "private": "eyJzY2hlbWFfdmVyc2lvbiI6IjEifQ=="
        }
      ]
    },
    {
      "module": "module.EC2",
      "mode": "managed",
      "type": "aws_eip",
      "name": "custom_public_ip_eip",
      "provider": "provider[\"registry.terraform.io/hashicorp/aws\"]",
      "instances": [
        {
          "schema_version": 0,
          "attributes": {
            "address": null,
            "allocation_id": "eipalloc-0a832458d5d8e3efd",
            "arn": "arn:aws:ec2:us-east-1:982534358571:elastic-ip/eipalloc-0a832458d5d8e3efd",
            "associate_with_private_ip": null,
            "association_id": "eipassoc-0467fad8f5289d30d",
            "carrier_ip": "",
            "customer_owned_ip": "",
            "customer_owned_ipv4_pool": "",
            "domain": "vpc",
            "id": "eipalloc-0a832458d5d8e3efd",
            "instance": "i-01b765dc389cf9d9e",
            "ipam_pool_id": null,
            "network_border_group": "us-east-1",
            "network_interface": "eni-07ef8d667d98973cd",
            "private_dns": "ip-10-0-1-4.ec2.internal",
            "private_ip": "10.0.1.4",
            "ptr_record": "",
            "public_dns": "ec2-44-197-143-126.compute-1.amazonaws.com",
            "public_ip": "44.197.143.126",
            "public_ipv4_pool": "amazon",
            "tags": null,
            "tags_all": {},
            "timeouts": null,
            "vpc": true
          },
          "sensitive_attributes": [],
          "private": "eyJlMmJmYjczMC1lY2FhLTExZTYtOGY4OC0zNDM2M2JjN2M0YzAiOnsiZGVsZXRlIjoxODAwMDAwMDAwMDAsInJlYWQiOjkwMDAwMDAwMDAwMCwidXBkYXRlIjozMDAwMDAwMDAwMDB9fQ==",
          "dependencies": [
            "module.EC2.aws_instance.custom_public_ec2",
            "module.EC2.aws_key_pair.custom_public_instance_key",
            "module.EC2.aws_network_interface.custom_ani",
            "module.EC2.aws_security_group.custom_sg",
            "module.network.aws_subnet.public_subnet",
            "module.network.aws_vpc.custom_vpc"
          ]
        }
      ]
    },
    {
      "module": "module.EC2",
      "mode": "managed",
      "type": "aws_instance",
      "name": "custom_public_ec2",
      "provider": "provider[\"registry.terraform.io/hashicorp/aws\"]",
      "instances": [
        {
          "schema_version": 1,
          "attributes": {
            "ami": "ami-084568db4383264d4",
            "arn": "arn:aws:ec2:us-east-1:982534358571:instance/i-01b765dc389cf9d9e",
            "associate_public_ip_address": false,
            "availability_zone": "us-east-1e",
            "capacity_reservation_specification": [
              {
                "capacity_reservation_preference": "open",
                "capacity_reservation_target": []
              }
            ],
            "cpu_core_count": 1,
            "cpu_options": [
              {
                "amd_sev_snp": "",
                "core_count": 1,
                "threads_per_core": 1
              }
            ],
            "cpu_threads_per_core": 1,
            "credit_specification": [
              {
                "cpu_credits": "standard"
              }
            ],
            "disable_api_stop": false,
            "disable_api_termination": false,
            "ebs_block_device": [],
            "ebs_optimized": false,
            "enable_primary_ipv6": null,
            "enclave_options": [
              {
                "enabled": false
              }
            ],
            "ephemeral_block_device": [],
            "get_password_data": false,
            "hibernation": false,
            "host_id": "",
            "host_resource_group_arn": null,
            "iam_instance_profile": "",
            "id": "i-01b765dc389cf9d9e",
            "instance_initiated_shutdown_behavior": "stop",
            "instance_lifecycle": "",
            "instance_market_options": [],
            "instance_state": "running",
            "instance_type": "t2.micro",
            "ipv6_address_count": 0,
            "ipv6_addresses": [],
            "key_name": "custom-public-instance-key",
            "launch_template": [],
            "maintenance_options": [
              {
                "auto_recovery": "default"
              }
            ],
            "metadata_options": [
              {
                "http_endpoint": "enabled",
                "http_protocol_ipv6": "disabled",
                "http_put_response_hop_limit": 2,
                "http_tokens": "required",
                "instance_metadata_tags": "disabled"
              }
            ],
            "monitoring": false,
            "network_interface": [
              {
                "delete_on_termination": false,
                "device_index": 0,
                "network_card_index": 0,
                "network_interface_id": "eni-07ef8d667d98973cd"
              }
            ],
            "outpost_arn": "",
            "password_data": "",
            "placement_group": "",
            "placement_partition_number": 0,
            "primary_network_interface_id": "eni-07ef8d667d98973cd",
            "private_dns": "ip-10-0-1-4.ec2.internal",
            "private_dns_name_options": [
              {
                "enable_resource_name_dns_a_record": false,
                "enable_resource_name_dns_aaaa_record": false,
                "hostname_type": "ip-name"
              }
            ],
            "private_ip": "10.0.1.4",
            "public_dns": "",
            "public_ip": "",
            "root_block_device": [
              {
                "delete_on_termination": true,
                "device_name": "/dev/sda1",
                "encrypted": false,
                "iops": 3000,
                "kms_key_id": "",
                "tags": {},
                "tags_all": {},
                "throughput": 125,
                "volume_id": "vol-0163fa197b7414e44",
                "volume_size": 8,
                "volume_type": "gp3"
              }
            ],
            "secondary_private_ips": [],
            "security_groups": [],
            "source_dest_check": true,
            "spot_instance_request_id": "",
            "subnet_id": "subnet-0f6d6377d66e04f08",
            "tags": {
              "Name": "custom_public_ec2"
            },
            "tags_all": {
              "Name": "custom_public_ec2"
            },
            "tenancy": "default",
            "timeouts": null,
            "user_data": "ec6ee235ba8bb65fb0f63e608179933408489ee5",
            "user_data_base64": null,
            "user_data_replace_on_change": false,
            "volume_tags": null,
            "vpc_security_group_ids": [
              "sg-08ea3d15bd5f379c6"
            ]
          },
          "sensitive_attributes": [],
          "private": "eyJlMmJmYjczMC1lY2FhLTExZTYtOGY4OC0zNDM2M2JjN2M0YzAiOnsiY3JlYXRlIjo2MDAwMDAwMDAwMDAsImRlbGV0ZSI6MTIwMDAwMDAwMDAwMCwicmVhZCI6OTAwMDAwMDAwMDAwLCJ1cGRhdGUiOjYwMDAwMDAwMDAwMH0sInNjaGVtYV92ZXJzaW9uIjoiMSJ9",
          "dependencies": [
            "module.EC2.aws_key_pair.custom_public_instance_key",
            "module.EC2.aws_network_interface.custom_ani",
            "module.EC2.aws_security_group.custom_sg",
            "module.network.aws_subnet.public_subnet",
            "module.network.aws_vpc.custom_vpc"
          ]
        }
      ]
    },
    {
      "module": "module.EC2",
      "mode": "managed",
      "type": "aws_key_pair",
      "name": "custom_public_instance_key",
      "provider": "provider[\"registry.terraform.io/hashicorp/aws\"]",
      "instances": [
        {
          "schema_version": 1,
          "attributes": {
            "arn": "arn:aws:ec2:us-east-1:982534358571:key-pair/custom-public-instance-key",
            "fingerprint": "f9:14:12:b5:ee:0e:eb:4a:76:85:bc:11:4b:ef:6b:9a",
            "id": "custom-public-instance-key",
            "key_name": "custom-public-instance-key",
            "key_name_prefix": "",
            "key_pair_id": "key-032f5631949b6d7a0",
            "key_type": "rsa",
            "public_key": "ssh-rsa AAAAB3NzaC1yc2EAAAADAQABAAACAQDPfqjADvDthDsSJlU5xdcpgKTM0h+jAZl1W0SJb1EP+rPa4OOIGt0P9pk2uWeJjQBYSRcVgC6VNXQ6nKLlUHhRQevrCTNaZWgCliKcvMjigI2D1Kutwsb+MDJjJdm6GTRDbPrJ9xxYF6qptZ8u7HBshN/zx7dzV1E8qghI/nTYGT6kgmuzg8oQ+sDAr9DFdws8A8Lp6emECPJnxWjQliOX/ML0JwTvzw9YVSzQBD40v26ty4FvqEjXuzYtapf94/oa+A3NWqkRZ015A3PnN4fwmPldZ6MEV+GKVQyXOInIwCTGMdV91JwaYUBZJLtnRZGBYFE3dOKZgAsmF7/il7X87OvpAU4SPJppP7ExakQ9hoyjRSdwOTI1alWMROR4rH5mE5mIL68QxIv/RdMFXXeL5qPjLW/NxpMgMOhKm7jdoOZsmAAGt1yeMzyTWcAAqzPhfg29MbeEYsUY1qcd6zmFX1OQCBpguyg2GwNIdDkPdSbWcamEACznBb39d3iByu4eLdTUaz/0IuTXe/0gAmQdlk7sAERWcOLEYYNAao73h44waQb59ZAwgnTZxa9HUgXwTD9Ia5xv0d31F+UbxvHIZOpMp/67w258FaXZsG6fZr4RtkmEzPlO10ZXwmVeHzcBJwm017urIcoIZ4OqfUiWg2GW5F+ftTXsYl/KlRf4qQ== umer@umer-Inspiron-5415",
            "tags": null,
            "tags_all": {}
          },
          "sensitive_attributes": [],
          "private": "eyJzY2hlbWFfdmVyc2lvbiI6IjEifQ=="
        }
      ]
    },
    {
      "module": "module.EC2",
      "mode": "managed",
      "type": "aws_network_interface",
      "name": "custom_ani",
      "provider": "provider[\"registry.terraform.io/hashicorp/aws\"]",
      "instances": [
        {
          "schema_version": 0,
          "attributes": {
            "arn": "arn:aws:ec2:us-east-1:982534358571:network-interface/eni-07ef8d667d98973cd",
            "attachment": [],
            "description": "",
            "enable_primary_ipv6": null,
            "id": "eni-07ef8d667d98973cd",
            "interface_type": "interface",
            "ipv4_prefix_count": 0,
            "ipv4_prefixes": [],
            "ipv6_address_count": 0,
            "ipv6_address_list": [],
            "ipv6_address_list_enabled": false,
            "ipv6_addresses": [],
            "ipv6_prefix_count": 0,
            "ipv6_prefixes": [],
            "mac_address": "06:f8:1b:a1:11:bf",
            "outpost_arn": "",
            "owner_id": "982534358571",
            "private_dns_name": "",
            "private_ip": "10.0.1.4",
            "private_ip_list": [
              "10.0.1.4"
            ],
            "private_ip_list_enabled": false,
            "private_ips": [
              "10.0.1.4"
            ],
            "private_ips_count": 0,
            "security_groups": [
              "sg-08ea3d15bd5f379c6"
            ],
            "source_dest_check": true,
            "subnet_id": "subnet-0f6d6377d66e04f08",
            "tags": {
              "Name": "custom-ani"
            },
            "tags_all": {
              "Name": "custom-ani"
            }
          },
          "sensitive_attributes": [],
          "private": "bnVsbA==",
          "dependencies": [
            "module.EC2.aws_security_group.custom_sg",
            "module.network.aws_subnet.public_subnet",
            "module.network.aws_vpc.custom_vpc"
          ]
        }
      ]
    },
    {
      "module": "module.EC2",
      "mode": "managed",
      "type": "aws_security_group",
      "name": "custom_sg",
      "provider": "provider[\"registry.terraform.io/hashicorp/aws\"]",
      "instances": [
        {
          "schema_version": 1,
          "attributes": {
            "arn": "arn:aws:ec2:us-east-1:982534358571:security-group/sg-08ea3d15bd5f379c6",
            "description": "Managed by Terraform",
            "egress": [
              {
                "cidr_blocks": [
                  "0.0.0.0/0"
                ],
                "description": "",
                "from_port": 0,
                "ipv6_cidr_blocks": [],
                "prefix_list_ids": [],
                "protocol": "-1",
                "security_groups": [],
                "self": false,
                "to_port": 0
              }
            ],
            "id": "sg-08ea3d15bd5f379c6",
            "ingress": [
              {
                "cidr_blocks": [
                  "0.0.0.0/0"
                ],
                "description": "",
                "from_port": 22,
                "ipv6_cidr_blocks": [],
                "prefix_list_ids": [],
                "protocol": "tcp",
                "security_groups": [],
                "self": false,
                "to_port": 22
              },
              {
                "cidr_blocks": [
                  "0.0.0.0/0"
                ],
                "description": "",
                "from_port": 5000,
                "ipv6_cidr_blocks": [],
                "prefix_list_ids": [],
                "protocol": "tcp",
                "security_groups": [],
                "self": false,
                "to_port": 5000
              }
            ],
            "name": "custom-sg",
            "name_prefix": "",
            "owner_id": "982534358571",
            "revoke_rules_on_delete": false,
            "tags": null,
            "tags_all": {},
            "timeouts": null,
            "vpc_id": "vpc-0489b35161228d641"
          },
          "sensitive_attributes": [],
          "private": "eyJlMmJmYjczMC1lY2FhLTExZTYtOGY4OC0zNDM2M2JjN2M0YzAiOnsiY3JlYXRlIjo2MDAwMDAwMDAwMDAsImRlbGV0ZSI6OTAwMDAwMDAwMDAwfSwic2NoZW1hX3ZlcnNpb24iOiIxIn0=",
          "dependencies": [
            "module.network.aws_vpc.custom_vpc"
          ]
        }
      ]
    },
    {
      "module": "module.network",
      "mode": "managed",
      "type": "aws_internet_gateway",
      "name": "custom_igw",
      "provider": "provider[\"registry.terraform.io/hashicorp/aws\"]",
      "instances": [
        {
          "schema_version": 0,
          "attributes": {
            "arn": "arn:aws:ec2:us-east-1:982534358571:internet-gateway/igw-0953473626b675354",
            "id": "igw-0953473626b675354",
            "owner_id": "982534358571",
            "tags": {
              "Name": "custom-igw"
            },
            "tags_all": {
              "Name": "custom-igw"
            },
            "timeouts": null,
            "vpc_id": "vpc-0489b35161228d641"
          },
          "sensitive_attributes": [],
          "private": "eyJlMmJmYjczMC1lY2FhLTExZTYtOGY4OC0zNDM2M2JjN2M0YzAiOnsiY3JlYXRlIjoxMjAwMDAwMDAwMDAwLCJkZWxldGUiOjEyMDAwMDAwMDAwMDAsInVwZGF0ZSI6MTIwMDAwMDAwMDAwMH19",
          "dependencies": [
            "module.network.aws_vpc.custom_vpc"
          ]
        }
      ]
    },
    {
      "module": "module.network",
      "mode": "managed",
      "type": "aws_route_table",
      "name": "custom_route_table",
      "provider": "provider[\"registry.terraform.io/hashicorp/aws\"]",
      "instances": [
        {
          "schema_version": 0,
          "attributes": {
            "arn": "arn:aws:ec2:us-east-1:982534358571:route-table/rtb-0adaaa1f1387948e8",
            "id": "rtb-0adaaa1f1387948e8",
            "owner_id": "982534358571",
            "propagating_vgws": [],
            "route": [
              {
                "carrier_gateway_id": "",
                "cidr_block": "0.0.0.0/0",
                "core_network_arn": "",
                "destination_prefix_list_id": "",
                "egress_only_gateway_id": "",
                "gateway_id": "igw-0953473626b675354",
                "ipv6_cidr_block": "",
                "local_gateway_id": "",
                "nat_gateway_id": "",
                "network_interface_id": "",
                "transit_gateway_id": "",
                "vpc_endpoint_id": "",
                "vpc_peering_connection_id": ""
              }
            ],
            "tags": {
              "Name": "custom-route-table"
            },
            "tags_all": {
              "Name": "custom-route-table"
            },
            "timeouts": null,
            "vpc_id": "vpc-0489b35161228d641"
          },
          "sensitive_attributes": [],
          "private": "eyJlMmJmYjczMC1lY2FhLTExZTYtOGY4OC0zNDM2M2JjN2M0YzAiOnsiY3JlYXRlIjozMDAwMDAwMDAwMDAsImRlbGV0ZSI6MzAwMDAwMDAwMDAwLCJ1cGRhdGUiOjEyMDAwMDAwMDAwMH19",
          "dependencies": [
            "module.network.aws_internet_gateway.custom_igw",
            "module.network.aws_vpc.custom_vpc"
          ]
        }
      ]
    },
    {
      "module": "module.network",
      "mode": "managed",
      "type": "aws_route_table_association",
      "name": "custom_route_table_association",
      "provider": "provider[\"registry.terraform.io/hashicorp/aws\"]",
      "instances": [
        {
          "schema_version": 0,
          "attributes": {
            "gateway_id": "",
            "id": "rtbassoc-0848f399a2eff9082",
            "route_table_id": "rtb-0adaaa1f1387948e8",
            "subnet_id": "subnet-0f6d6377d66e04f08",
            "timeouts": null
          },
          "sensitive_attributes": [],
          "private": "eyJlMmJmYjczMC1lY2FhLTExZTYtOGY4OC0zNDM2M2JjN2M0YzAiOnsiY3JlYXRlIjozMDAwMDAwMDAwMDAsImRlbGV0ZSI6MzAwMDAwMDAwMDAwLCJ1cGRhdGUiOjEyMDAwMDAwMDAwMH19",
          "dependencies": [
            "module.network.aws_internet_gateway.custom_igw",
            "module.network.aws_route_table.custom_route_table",
            "module.network.aws_subnet.public_subnet",
            "module.network.aws_vpc.custom_vpc"
          ]
        }
      ]
    },
    {
      "module": "module.network",
      "mode": "managed",
      "type": "aws_subnet",
      "name": "private_subnet",
      "provider": "provider[\"registry.terraform.io/hashicorp/aws\"]",
      "instances": [
        {
          "schema_version": 1,
          "attributes": {
            "arn": "arn:aws:ec2:us-east-1:982534358571:subnet/subnet-0410ed58cfa083613",
            "assign_ipv6_address_on_creation": false,
            "availability_zone": "us-east-1e",
            "availability_zone_id": "use1-az3",
            "cidr_block": "10.0.2.0/24",
            "customer_owned_ipv4_pool": "",
            "enable_dns64": false,
            "enable_lni_at_device_index": 0,
            "enable_resource_name_dns_a_record_on_launch": false,
            "enable_resource_name_dns_aaaa_record_on_launch": false,
            "id": "subnet-0410ed58cfa083613",
            "ipv6_cidr_block": "",
            "ipv6_cidr_block_association_id": "",
            "ipv6_native": false,
            "map_customer_owned_ip_on_launch": false,
            "map_public_ip_on_launch": false,
            "outpost_arn": "",
            "owner_id": "982534358571",
            "private_dns_hostname_type_on_launch": "ip-name",
            "tags": {
              "Name": "custom-private-subnet"
            },
            "tags_all": {
              "Name": "custom-private-subnet"
            },
            "timeouts": null,
            "vpc_id": "vpc-0489b35161228d641"
          },
          "sensitive_attributes": [],
          "private": "eyJlMmJmYjczMC1lY2FhLTExZTYtOGY4OC0zNDM2M2JjN2M0YzAiOnsiY3JlYXRlIjo2MDAwMDAwMDAwMDAsImRlbGV0ZSI6MTIwMDAwMDAwMDAwMH0sInNjaGVtYV92ZXJzaW9uIjoiMSJ9",
          "dependencies": [
            "module.network.aws_vpc.custom_vpc"
          ]
        }
      ]
    },
    {
      "module": "module.network",
      "mode": "managed",
      "type": "aws_subnet",
      "name": "public_subnet",
      "provider": "provider[\"registry.terraform.io/hashicorp/aws\"]",
      "instances": [
        {
          "schema_version": 1,
          "attributes": {
            "arn": "arn:aws:ec2:us-east-1:982534358571:subnet/subnet-0f6d6377d66e04f08",
            "assign_ipv6_address_on_creation": false,
            "availability_zone": "us-east-1e",
            "availability_zone_id": "use1-az3",
            "cidr_block": "10.0.1.0/24",
            "customer_owned_ipv4_pool": "",
            "enable_dns64": false,
            "enable_lni_at_device_index": 0,
            "enable_resource_name_dns_a_record_on_launch": false,
            "enable_resource_name_dns_aaaa_record_on_launch": false,
            "id": "subnet-0f6d6377d66e04f08",
            "ipv6_cidr_block": "",
            "ipv6_cidr_block_association_id": "",
            "ipv6_native": false,
            "map_customer_owned_ip_on_launch": false,
            "map_public_ip_on_launch": false,
            "outpost_arn": "",
            "owner_id": "982534358571",
            "private_dns_hostname_type_on_launch": "ip-name",
            "tags": {
              "Name": "custom-public-subnet"
            },
            "tags_all": {
              "Name": "custom-public-subnet"
            },
            "timeouts": null,
            "vpc_id": "vpc-0489b35161228d641"
          },
          "sensitive_attributes": [],
          "private": "eyJlMmJmYjczMC1lY2FhLTExZTYtOGY4OC0zNDM2M2JjN2M0YzAiOnsiY3JlYXRlIjo2MDAwMDAwMDAwMDAsImRlbGV0ZSI6MTIwMDAwMDAwMDAwMH0sInNjaGVtYV92ZXJzaW9uIjoiMSJ9",
          "dependencies": [
            "module.network.aws_vpc.custom_vpc"
          ]
        }
      ]
    },
    {
      "module": "module.network",
      "mode": "managed",
      "type": "aws_vpc",
      "name": "custom_vpc",
      "provider": "provider[\"registry.terraform.io/hashicorp/aws\"]",
      "instances": [
        {
          "schema_version": 1,
          "attributes": {
            "arn": "arn:aws:ec2:us-east-1:982534358571:vpc/vpc-0489b35161228d641",
            "assign_generated_ipv6_cidr_block": false,
            "cidr_block": "10.0.0.0/16",
            "default_network_acl_id": "acl-0c3684cf3e3a64e1f",
            "default_route_table_id": "rtb-017cb766e2926d552",
            "default_security_group_id": "sg-0de4fabeb68a879ab",
            "dhcp_options_id": "dopt-040a0feeefcf6ff89",
            "enable_dns_hostnames": false,
            "enable_dns_support": true,
            "enable_network_address_usage_metrics": false,
            "id": "vpc-0489b35161228d641",
            "instance_tenancy": "default",
            "ipv4_ipam_pool_id": null,
            "ipv4_netmask_length": null,
            "ipv6_association_id": "",
            "ipv6_cidr_block": "",
            "ipv6_cidr_block_network_border_group": "",
            "ipv6_ipam_pool_id": "",
            "ipv6_netmask_length": 0,
            "main_route_table_id": "rtb-017cb766e2926d552",
            "owner_id": "982534358571",
            "tags": {
              "Name": "custom-vpc"
            },
            "tags_all": {
              "Name": "custom-vpc"
            }
          },
          "sensitive_attributes": [],
          "private": "eyJzY2hlbWFfdmVyc2lvbiI6IjEifQ=="
        }
      ]
    }
  ],
  "check_results": null
}
